// !$*UTF8*$!
{
	archiveVersion = 1;
	classes = {
	};
	objectVersion = 46;
	objects = {

/* Begin PBXBuildFile section */
		FAB0F17715F99EB6000BA8EC /* UIKit.framework in Frameworks */ = {isa = PBXBuildFile; fileRef = FAB0F17615F99EB6000BA8EC /* UIKit.framework */; };
		FAB0F17915F99EB6000BA8EC /* Foundation.framework in Frameworks */ = {isa = PBXBuildFile; fileRef = FAB0F17815F99EB6000BA8EC /* Foundation.framework */; };
		FAB0F17B15F99EB6000BA8EC /* CoreGraphics.framework in Frameworks */ = {isa = PBXBuildFile; fileRef = FAB0F17A15F99EB6000BA8EC /* CoreGraphics.framework */; };
		FAB0F18115F99EB6000BA8EC /* InfoPlist.strings in Resources */ = {isa = PBXBuildFile; fileRef = FAB0F17F15F99EB6000BA8EC /* InfoPlist.strings */; };
		FAB0F18315F99EB6000BA8EC /* main.m in Sources */ = {isa = PBXBuildFile; fileRef = FAB0F18215F99EB6000BA8EC /* main.m */; };
		FAB0F18715F99EB6000BA8EC /* AppDelegate.m in Sources */ = {isa = PBXBuildFile; fileRef = FAB0F18615F99EB6000BA8EC /* AppDelegate.m */; };
		FAB0F18A15F99EB6000BA8EC /* ViewController.m in Sources */ = {isa = PBXBuildFile; fileRef = FAB0F18915F99EB6000BA8EC /* ViewController.m */; };
		FAB0F18D15F99EB6000BA8EC /* ViewController.xib in Resources */ = {isa = PBXBuildFile; fileRef = FAB0F18B15F99EB6000BA8EC /* ViewController.xib */; };
/* End PBXBuildFile section */

/* Begin PBXFileReference section */
		FAB0F17215F99EB6000BA8EC /* Project2.app */ = {isa = PBXFileReference; explicitFileType = wrapper.application; includeInIndex = 0; path = Project2.app; sourceTree = BUILT_PRODUCTS_DIR; };
		FAB0F17615F99EB6000BA8EC /* UIKit.framework */ = {isa = PBXFileReference; lastKnownFileType = wrapper.framework; name = UIKit.framework; path = System/Library/Frameworks/UIKit.framework; sourceTree = SDKROOT; };
		FAB0F17815F99EB6000BA8EC /* Foundation.framework */ = {isa = PBXFileReference; lastKnownFileType = wrapper.framework; name = Foundation.framework; path = System/Library/Frameworks/Foundation.framework; sourceTree = SDKROOT; };
		FAB0F17A15F99EB6000BA8EC /* CoreGraphics.framework */ = {isa = PBXFileReference; lastKnownFileType = wrapper.framework; name = CoreGraphics.framework; path = System/Library/Frameworks/CoreGraphics.framework; sourceTree = SDKROOT; };
		FAB0F17E15F99EB6000BA8EC /* Project2-Info.plist */ = {isa = PBXFileReference; lastKnownFileType = text.plist.xml; path = "Project2-Info.plist"; sourceTree = "<group>"; };
		FAB0F18015F99EB6000BA8EC /* en */ = {isa = PBXFileReference; lastKnownFileType = text.plist.strings; name = en; path = en.lproj/InfoPlist.strings; sourceTree = "<group>"; };
		FAB0F18215F99EB6000BA8EC /* main.m */ = {isa = PBXFileReference; lastKnownFileType = sourcecode.c.objc; path = main.m; sourceTree = "<group>"; };
		FAB0F18415F99EB6000BA8EC /* Project2-Prefix.pch */ = {isa = PBXFileReference; lastKnownFileType = sourcecode.c.h; path = "Project2-Prefix.pch"; sourceTree = "<group>"; };
		FAB0F18515F99EB6000BA8EC /* AppDelegate.h */ = {isa = PBXFileReference; lastKnownFileType = sourcecode.c.h; path = AppDelegate.h; sourceTree = "<group>"; };
		FAB0F18615F99EB6000BA8EC /* AppDelegate.m */ = {isa = PBXFileReference; lastKnownFileType = sourcecode.c.objc; path = AppDelegate.m; sourceTree = "<group>"; };
		FAB0F18815F99EB6000BA8EC /* ViewController.h */ = {isa = PBXFileReference; lastKnownFileType = sourcecode.c.h; path = ViewController.h; sourceTree = "<group>"; };
		FAB0F18915F99EB6000BA8EC /* ViewController.m */ = {isa = PBXFileReference; lastKnownFileType = sourcecode.c.objc; path = ViewController.m; sourceTree = "<group>"; };
		FAB0F18C15F99EB6000BA8EC /* en */ = {isa = PBXFileReference; lastKnownFileType = file.xib; name = en; path = en.lproj/ViewController.xib; sourceTree = "<group>"; };
/* End PBXFileReference section */

/* Begin PBXFrameworksBuildPhase section */
		FAB0F16F15F99EB6000BA8EC /* Frameworks */ = {
			isa = PBXFrameworksBuildPhase;
			buildActionMask = 2147483647;
			files = (
				FAB0F17715F99EB6000BA8EC /* UIKit.framework in Frameworks */,
				FAB0F17915F99EB6000BA8EC /* Foundation.framework in Frameworks */,
				FAB0F17B15F99EB6000BA8EC /* CoreGraphics.framework in Frameworks */,
			);
			runOnlyForDeploymentPostprocessing = 0;
		};
/* End PBXFrameworksBuildPhase section */

/* Begin PBXGroup section */
		FAB0F16715F99EB6000BA8EC = {
			isa = PBXGroup;
			children = (
				FAB0F17C15F99EB6000BA8EC /* Project2 */,
				FAB0F17515F99EB6000BA8EC /* Frameworks */,
				FAB0F17315F99EB6000BA8EC /* Products */,
			);
			sourceTree = "<group>";
		};
		FAB0F17315F99EB6000BA8EC /* Products */ = {
			isa = PBXGroup;
			children = (
				FAB0F17215F99EB6000BA8EC /* Project2.app */,
			);
			name = Products;
			sourceTree = "<group>";
		};
		FAB0F17515F99EB6000BA8EC /* Frameworks */ = {
			isa = PBXGroup;
			children = (
				FAB0F17615F99EB6000BA8EC /* UIKit.framework */,
				FAB0F17815F99EB6000BA8EC /* Foundation.framework */,
				FAB0F17A15F99EB6000BA8EC /* CoreGraphics.framework */,
			);
			name = Frameworks;
			sourceTree = "<group>";
		};
		FAB0F17C15F99EB6000BA8EC /* Project2 */ = {
			isa = PBXGroup;
			children = (
				FAB0F18515F99EB6000BA8EC /* AppDelegate.h */,
				FAB0F18615F99EB6000BA8EC /* AppDelegate.m */,
				FAB0F18815F99EB6000BA8EC /* ViewController.h */,
				FAB0F18915F99EB6000BA8EC /* ViewController.m */,
				FAB0F18B15F99EB6000BA8EC /* ViewController.xib */,
				FAB0F17D15F99EB6000BA8EC /* Supporting Files */,
			);
			path = Project2;
			sourceTree = "<group>";
		};
		FAB0F17D15F99EB6000BA8EC /* Supporting Files */ = {
			isa = PBXGroup;
			children = (
				FAB0F17E15F99EB6000BA8EC /* Project2-Info.plist */,
				FAB0F17F15F99EB6000BA8EC /* InfoPlist.strings */,
				FAB0F18215F99EB6000BA8EC /* main.m */,
				FAB0F18415F99EB6000BA8EC /* Project2-Prefix.pch */,
			);
			name = "Supporting Files";
			sourceTree = "<group>";
		};
/* End PBXGroup section */

/* Begin PBXNativeTarget section */
		FAB0F17115F99EB6000BA8EC /* Project2 */ = {
			isa = PBXNativeTarget;
			buildConfigurationList = FAB0F19015F99EB6000BA8EC /* Build configuration list for PBXNativeTarget "Project2" */;
			buildPhases = (
				FAB0F16E15F99EB6000BA8EC /* Sources */,
				FAB0F16F15F99EB6000BA8EC /* Frameworks */,
				FAB0F17015F99EB6000BA8EC /* Resources */,
			);
			buildRules = (
			);
			dependencies = (
			);
			name = Project2;
			productName = Project2;
			productReference = FAB0F17215F99EB6000BA8EC /* Project2.app */;
			productType = "com.apple.product-type.application";
		};
/* End PBXNativeTarget section */

/* Begin PBXProject section */
		FAB0F16915F99EB6000BA8EC /* Project object */ = {
			isa = PBXProject;
			attributes = {
				LastUpgradeCheck = 0440;
				ORGANIZATIONNAME = "Russell Carlin";
			};
			buildConfigurationList = FAB0F16C15F99EB6000BA8EC /* Build configuration list for PBXProject "Project2" */;
			compatibilityVersion = "Xcode 3.2";
			developmentRegion = English;
			hasScannedForEncodings = 0;
			knownRegions = (
				en,
			);
			mainGroup = FAB0F16715F99EB6000BA8EC;
			productRefGroup = FAB0F17315F99EB6000BA8EC /* Products */;
			projectDirPath = "";
			projectRoot = "";
			targets = (
				FAB0F17115F99EB6000BA8EC /* Project2 */,
			);
		};
/* End PBXProject section */

/* Begin PBXResourcesBuildPhase section */
		FAB0F17015F99EB6000BA8EC /* Resources */ = {
			isa = PBXResourcesBuildPhase;
			buildActionMask = 2147483647;
			files = (
				FAB0F18115F99EB6000BA8EC /* InfoPlist.strings in Resources */,
				FAB0F18D15F99EB6000BA8EC /* ViewController.xib in Resources */,
			);
			runOnlyForDeploymentPostprocessing = 0;
		};
/* End PBXResourcesBuildPhase section */

/* Begin PBXSourcesBuildPhase section */
		FAB0F16E15F99EB6000BA8EC /* Sources */ = {
			isa = PBXSourcesBuildPhase;
			buildActionMask = 2147483647;
			files = (
				FAB0F18315F99EB6000BA8EC /* main.m in Sources */,
				FAB0F18715F99EB6000BA8EC /* AppDelegate.m in Sources */,
				FAB0F18A15F99EB6000BA8EC /* ViewController.m in Sources */,
			);
			runOnlyForDeploymentPostprocessing = 0;
		};
/* End PBXSourcesBuildPhase section */

/* Begin PBXVariantGroup section */
		FAB0F17F15F99EB6000BA8EC /* InfoPlist.strings */ = {
			isa = PBXVariantGroup;
			children = (
				FAB0F18015F99EB6000BA8EC /* en */,
			);
			name = InfoPlist.strings;
			sourceTree = "<group>";
		};
		FAB0F18B15F99EB6000BA8EC /* ViewController.xib */ = {
			isa = PBXVariantGroup;
			children = (
				FAB0F18C15F99EB6000BA8EC /* en */,
			);
			name = ViewController.xib;
			sourceTree = "<group>";
		};
/* End PBXVariantGroup section */

/* Begin XCBuildConfiguration section */
		FAB0F18E15F99EB6000BA8EC /* Debug */ = {
			isa = XCBuildConfiguration;
			buildSettings = {
				ALWAYS_SEARCH_USER_PATHS = NO;
				ARCHS = "$(ARCHS_STANDARD_32_BIT)";
				CLANG_CXX_LANGUAGE_STANDARD = "gnu++0x";
				CLANG_WARN__DUPLICATE_METHOD_MATCH = YES;
				"CODE_SIGN_IDENTITY[sdk=iphoneos*]" = "iPhone Developer";
				COPY_PHASE_STRIP = NO;
				GCC_C_LANGUAGE_STANDARD = gnu99;
				GCC_DYNAMIC_NO_PIC = NO;
				GCC_OPTIMIZATION_LEVEL = 0;
				GCC_PREPROCESSOR_DEFINITIONS = (
					"DEBUG=1",
					"$(inherited)",
				);
				GCC_SYMBOLS_PRIVATE_EXTERN = NO;
				GCC_VERSION = com.apple.compilers.llvm.clang.1_0;
				GCC_WARN_ABOUT_RETURN_TYPE = YES;
				GCC_WARN_UNINITIALIZED_AUTOS = YES;
				GCC_WARN_UNUSED_VARIABLE = YES;
				IPHONEOS_DEPLOYMENT_TARGET = 5.1;
				SDKROOT = iphoneos;
			};
			name = Debug;
		};
		FAB0F18F15F99EB6000BA8EC /* Release */ = {
			isa = XCBuildConfiguration;
			buildSettings = {
				ALWAYS_SEARCH_USER_PATHS = NO;
				ARCHS = "$(ARCHS_STANDARD_32_BIT)";
				CLANG_CXX_LANGUAGE_STANDARD = "gnu++0x";
				CLANG_WARN__DUPLICATE_METHOD_MATCH = YES;
				"CODE_SIGN_IDENTITY[sdk=iphoneos*]" = "iPhone Developer";
				COPY_PHASE_STRIP = YES;
				GCC_C_LANGUAGE_STANDARD = gnu99;
				GCC_VERSION = com.apple.compilers.llvm.clang.1_0;
				GCC_WARN_ABOUT_RETURN_TYPE = YES;
				GCC_WARN_UNINITIALIZED_AUTOS = YES;
				GCC_WARN_UNUSED_VARIABLE = YES;
				IPHONEOS_DEPLOYMENT_TARGET = 5.1;
				OTHER_CFLAGS = "-DNS_BLOCK_ASSERTIONS=1";
				SDKROOT = iphoneos;
				VALIDATE_PRODUCT = YES;
			};
			name = Release;
		};
		FAB0F19115F99EB6000BA8EC /* Debug */ = {
			isa = XCBuildConfiguration;
			buildSettings = {
				GCC_PRECOMPILE_PREFIX_HEADER = YES;
				GCC_PREFIX_HEADER = "Project2/Project2-Prefix.pch";
				INFOPLIST_FILE = "Project2/Project2-Info.plist";
				PRODUCT_NAME = "$(TARGET_NAME)";
				WRAPPER_EXTENSION = app;
			};
			name = Debug;
		};
		FAB0F19215F99EB6000BA8EC /* Release */ = {
			isa = XCBuildConfiguration;
			buildSettings = {
				GCC_PRECOMPILE_PREFIX_HEADER = YES;
				GCC_PREFIX_HEADER = "Project2/Project2-Prefix.pch";
				INFOPLIST_FILE = "Project2/Project2-Info.plist";
				PRODUCT_NAME = "$(TARGET_NAME)";
				WRAPPER_EXTENSION = app;
			};
			name = Release;
		};
/* End XCBuildConfiguration section */

/* Begin XCConfigurationList section */
		FAB0F16C15F99EB6000BA8EC /* Build configuration list for PBXProject "Project2" */ = {
			isa = XCConfigurationList;
			buildConfigurations = (
				FAB0F18E15F99EB6000BA8EC /* Debug */,
				FAB0F18F15F99EB6000BA8EC /* Release */,
			);
			defaultConfigurationIsVisible = 0;
			defaultConfigurationName = Release;
		};
		FAB0F19015F99EB6000BA8EC /* Build configuration list for PBXNativeTarget "Project2" */ = {
			isa = XCConfigurationList;
			buildConfigurations = (
				FAB0F19115F99EB6000BA8EC /* Debug */,
				FAB0F19215F99EB6000BA8EC /* Release */,
			);
			defaultConfigurationIsVisible = 0;
		};
/* End XCConfigurationList section */
	};
	rootObject = FAB0F16915F99EB6000BA8EC /* Project object */;
}
